
Microsoft Visual Studio Solution File, Format Version 12.00
# Visual Studio Version 17
VisualStudioVersion = 17.9.34728.123
MinimumVisualStudioVersion = 10.0.40219.1
Project("{888888A0-9F3D-457C-B088-3A5042F75D52}") = "decision_space", "decision_space.pyproj", "{9236B26E-E251-449C-B207-008E42EB9234}"
EndProject
Global
	GlobalSection(SolutionConfigurationPlatforms) = preSolution
		Debug|Any CPU = Debug|Any CPU
		Release|Any CPU = Release|Any CPU
	EndGlobalSection
	GlobalSection(ProjectConfigurationPlatforms) = postSolution
		{9236B26E-E251-449C-B207-008E42EB9234}.Debug|Any CPU.ActiveCfg = Debug|Any CPU
		{9236B26E-E251-449C-B207-008E42EB9234}.Release|Any CPU.ActiveCfg = Release|Any CPU
	EndGlobalSection
	GlobalSection(SolutionProperties) = preSolution
		HideSolutionNode = FALSE
	EndGlobalSection
	GlobalSection(ExtensibilityGlobals) = postSolution
		SolutionGuid = {064977EB-6479-4EF8-ABD8-7F1A12071E8C}
	EndGlobalSection
EndGlobal
